
Microsoft Visual Studio Solution File, Format Version 12.00
# Visual Studio Version 17
VisualStudioVersion = 17.0.31903.59
MinimumVisualStudioVersion = 10.0.40219.1
Project("{FAE04EC0-301F-11D3-BF4B-00C04F79EFBC}") = "DesignPatterns.AbstractFactory", "abstract-factory\DesignPatterns.AbstractFactory.csproj", "{CA8EDA3E-FC19-4087-A64B-B25CB120C2EC}"
EndProject
Project("{FAE04EC0-301F-11D3-BF4B-00C04F79EFBC}") = "DesignPatterns.Adapter", "adapter\DesignPatterns.Adapter.csproj", "{E0976546-A9DF-4E90-BCFA-646E66E63E32}"
EndProject
Project("{FAE04EC0-301F-11D3-BF4B-00C04F79EFBC}") = "DesignPatterns.Bridge", "bridge\DesignPatterns.Bridge.csproj", "{90FC3700-A252-4BEF-89A5-674981D64173}"
EndProject
Project("{FAE04EC0-301F-11D3-BF4B-00C04F79EFBC}") = "DesignPatterns.Builder", "builder\DesignPatterns.Builder.csproj", "{4B5EAB86-4B3D-464F-957C-EC516875224B}"
EndProject
Project("{FAE04EC0-301F-11D3-BF4B-00C04F79EFBC}") = "DesignPatterns.ChainOfResponsibility", "chain-of-responsibility\DesignPatterns.ChainOfResponsibility.csproj", "{89302BB5-B47B-4436-B28D-EA7098323643}"
EndProject
Project("{FAE04EC0-301F-11D3-BF4B-00C04F79EFBC}") = "DesignPatterns.Command", "command\DesignPatterns.Command.csproj", "{D787DB40-E276-405A-AD0E-6CD701B1FA82}"
EndProject
Project("{FAE04EC0-301F-11D3-BF4B-00C04F79EFBC}") = "DesignPatterns.Composite", "composite\DesignPatterns.Composite.csproj", "{1B73801E-4411-415D-9F52-3525734622D0}"
EndProject
Project("{FAE04EC0-301F-11D3-BF4B-00C04F79EFBC}") = "DesignPatterns.Decorator", "decorator\DesignPatterns.Decorator.csproj", "{CC763D46-F482-4A4A-A501-652EBD62A256}"
EndProject
Project("{FAE04EC0-301F-11D3-BF4B-00C04F79EFBC}") = "DesignPatterns.Facade", "facade\DesignPatterns.Facade.csproj", "{6E95FFDF-80F3-42C7-9ECA-8516A2C8E44F}"
EndProject
Project("{FAE04EC0-301F-11D3-BF4B-00C04F79EFBC}") = "DesignPatterns.Factory", "factory-method\DesignPatterns.Factory.csproj", "{262640E6-9A5C-465E-B58E-838F8ED664E3}"
EndProject
Project("{FAE04EC0-301F-11D3-BF4B-00C04F79EFBC}") = "DesignPatterns.Flyweight", "flyweight\DesignPatterns.Flyweight.csproj", "{6572FAF7-661E-44F9-8DFF-3F62FD64D547}"
EndProject
Project("{FAE04EC0-301F-11D3-BF4B-00C04F79EFBC}") = "DesignPatterns.Interpreter", "interpreter\DesignPatterns.Interpreter.csproj", "{71B4B40C-A308-426B-AFE5-2FA5B8D5593F}"
EndProject
Project("{FAE04EC0-301F-11D3-BF4B-00C04F79EFBC}") = "DesignPatterns.Iterator", "iterator\DesignPatterns.Iterator.csproj", "{5E0676AE-3621-457B-81E5-ACCF941D17A4}"
EndProject
Project("{FAE04EC0-301F-11D3-BF4B-00C04F79EFBC}") = "DesignPatterns.Mediator", "mediator\DesignPatterns.Mediator.csproj", "{7AA90AEB-5931-4440-ADE2-FDD3DE20E877}"
EndProject
Project("{FAE04EC0-301F-11D3-BF4B-00C04F79EFBC}") = "DesignPatterns.Memento", "memento\DesignPatterns.Memento.csproj", "{3DEAD938-91F1-4D8C-8254-A07FCAF6728C}"
EndProject
Project("{FAE04EC0-301F-11D3-BF4B-00C04F79EFBC}") = "DesignPatterns.Observer", "observer\DesignPatterns.Observer.csproj", "{F30B314D-18C6-40EE-918B-14EEAD5A49E0}"
EndProject
Project("{FAE04EC0-301F-11D3-BF4B-00C04F79EFBC}") = "DesignPatterns.Prototype", "prototype\DesignPatterns.Prototype.csproj", "{C6BE1273-F6CB-455D-9C69-C7AED172DEE5}"
EndProject
Project("{FAE04EC0-301F-11D3-BF4B-00C04F79EFBC}") = "DesignPatterns.Proxy", "proxy\DesignPatterns.Proxy.csproj", "{1A1E0352-7573-4415-A285-ED903ADBE3C5}"
EndProject
Global
	GlobalSection(SolutionConfigurationPlatforms) = preSolution
		Debug|Any CPU = Debug|Any CPU
		Release|Any CPU = Release|Any CPU
	EndGlobalSection
	GlobalSection(SolutionProperties) = preSolution
		HideSolutionNode = FALSE
	EndGlobalSection
	GlobalSection(ProjectConfigurationPlatforms) = postSolution
		{CA8EDA3E-FC19-4087-A64B-B25CB120C2EC}.Debug|Any CPU.ActiveCfg = Debug|Any CPU
		{CA8EDA3E-FC19-4087-A64B-B25CB120C2EC}.Debug|Any CPU.Build.0 = Debug|Any CPU
		{CA8EDA3E-FC19-4087-A64B-B25CB120C2EC}.Release|Any CPU.ActiveCfg = Release|Any CPU
		{CA8EDA3E-FC19-4087-A64B-B25CB120C2EC}.Release|Any CPU.Build.0 = Release|Any CPU
		{E0976546-A9DF-4E90-BCFA-646E66E63E32}.Debug|Any CPU.ActiveCfg = Debug|Any CPU
		{E0976546-A9DF-4E90-BCFA-646E66E63E32}.Debug|Any CPU.Build.0 = Debug|Any CPU
		{E0976546-A9DF-4E90-BCFA-646E66E63E32}.Release|Any CPU.ActiveCfg = Release|Any CPU
		{E0976546-A9DF-4E90-BCFA-646E66E63E32}.Release|Any CPU.Build.0 = Release|Any CPU
		{90FC3700-A252-4BEF-89A5-674981D64173}.Debug|Any CPU.ActiveCfg = Debug|Any CPU
		{90FC3700-A252-4BEF-89A5-674981D64173}.Debug|Any CPU.Build.0 = Debug|Any CPU
		{90FC3700-A252-4BEF-89A5-674981D64173}.Release|Any CPU.ActiveCfg = Release|Any CPU
		{90FC3700-A252-4BEF-89A5-674981D64173}.Release|Any CPU.Build.0 = Release|Any CPU
		{4B5EAB86-4B3D-464F-957C-EC516875224B}.Debug|Any CPU.ActiveCfg = Debug|Any CPU
		{4B5EAB86-4B3D-464F-957C-EC516875224B}.Debug|Any CPU.Build.0 = Debug|Any CPU
		{4B5EAB86-4B3D-464F-957C-EC516875224B}.Release|Any CPU.ActiveCfg = Release|Any CPU
		{4B5EAB86-4B3D-464F-957C-EC516875224B}.Release|Any CPU.Build.0 = Release|Any CPU
		{89302BB5-B47B-4436-B28D-EA7098323643}.Debug|Any CPU.ActiveCfg = Debug|Any CPU
		{89302BB5-B47B-4436-B28D-EA7098323643}.Debug|Any CPU.Build.0 = Debug|Any CPU
		{89302BB5-B47B-4436-B28D-EA7098323643}.Release|Any CPU.ActiveCfg = Release|Any CPU
		{89302BB5-B47B-4436-B28D-EA7098323643}.Release|Any CPU.Build.0 = Release|Any CPU
		{D787DB40-E276-405A-AD0E-6CD701B1FA82}.Debug|Any CPU.ActiveCfg = Debug|Any CPU
		{D787DB40-E276-405A-AD0E-6CD701B1FA82}.Debug|Any CPU.Build.0 = Debug|Any CPU
		{D787DB40-E276-405A-AD0E-6CD701B1FA82}.Release|Any CPU.ActiveCfg = Release|Any CPU
		{D787DB40-E276-405A-AD0E-6CD701B1FA82}.Release|Any CPU.Build.0 = Release|Any CPU
		{1B73801E-4411-415D-9F52-3525734622D0}.Debug|Any CPU.ActiveCfg = Debug|Any CPU
		{1B73801E-4411-415D-9F52-3525734622D0}.Debug|Any CPU.Build.0 = Debug|Any CPU
		{1B73801E-4411-415D-9F52-3525734622D0}.Release|Any CPU.ActiveCfg = Release|Any CPU
		{1B73801E-4411-415D-9F52-3525734622D0}.Release|Any CPU.Build.0 = Release|Any CPU
		{CC763D46-F482-4A4A-A501-652EBD62A256}.Debug|Any CPU.ActiveCfg = Debug|Any CPU
		{CC763D46-F482-4A4A-A501-652EBD62A256}.Debug|Any CPU.Build.0 = Debug|Any CPU
		{CC763D46-F482-4A4A-A501-652EBD62A256}.Release|Any CPU.ActiveCfg = Release|Any CPU
		{CC763D46-F482-4A4A-A501-652EBD62A256}.Release|Any CPU.Build.0 = Release|Any CPU
		{6E95FFDF-80F3-42C7-9ECA-8516A2C8E44F}.Debug|Any CPU.ActiveCfg = Debug|Any CPU
		{6E95FFDF-80F3-42C7-9ECA-8516A2C8E44F}.Debug|Any CPU.Build.0 = Debug|Any CPU
		{6E95FFDF-80F3-42C7-9ECA-8516A2C8E44F}.Release|Any CPU.ActiveCfg = Release|Any CPU
		{6E95FFDF-80F3-42C7-9ECA-8516A2C8E44F}.Release|Any CPU.Build.0 = Release|Any CPU
		{262640E6-9A5C-465E-B58E-838F8ED664E3}.Debug|Any CPU.ActiveCfg = Debug|Any CPU
		{262640E6-9A5C-465E-B58E-838F8ED664E3}.Debug|Any CPU.Build.0 = Debug|Any CPU
		{262640E6-9A5C-465E-B58E-838F8ED664E3}.Release|Any CPU.ActiveCfg = Release|Any CPU
		{262640E6-9A5C-465E-B58E-838F8ED664E3}.Release|Any CPU.Build.0 = Release|Any CPU
		{6572FAF7-661E-44F9-8DFF-3F62FD64D547}.Debug|Any CPU.ActiveCfg = Debug|Any CPU
		{6572FAF7-661E-44F9-8DFF-3F62FD64D547}.Debug|Any CPU.Build.0 = Debug|Any CPU
		{6572FAF7-661E-44F9-8DFF-3F62FD64D547}.Release|Any CPU.ActiveCfg = Release|Any CPU
		{6572FAF7-661E-44F9-8DFF-3F62FD64D547}.Release|Any CPU.Build.0 = Release|Any CPU
		{71B4B40C-A308-426B-AFE5-2FA5B8D5593F}.Debug|Any CPU.ActiveCfg = Debug|Any CPU
		{71B4B40C-A308-426B-AFE5-2FA5B8D5593F}.Debug|Any CPU.Build.0 = Debug|Any CPU
		{71B4B40C-A308-426B-AFE5-2FA5B8D5593F}.Release|Any CPU.ActiveCfg = Release|Any CPU
		{71B4B40C-A308-426B-AFE5-2FA5B8D5593F}.Release|Any CPU.Build.0 = Release|Any CPU
		{5E0676AE-3621-457B-81E5-ACCF941D17A4}.Debug|Any CPU.ActiveCfg = Debug|Any CPU
		{5E0676AE-3621-457B-81E5-ACCF941D17A4}.Debug|Any CPU.Build.0 = Debug|Any CPU
		{5E0676AE-3621-457B-81E5-ACCF941D17A4}.Release|Any CPU.ActiveCfg = Release|Any CPU
		{5E0676AE-3621-457B-81E5-ACCF941D17A4}.Release|Any CPU.Build.0 = Release|Any CPU
		{7AA90AEB-5931-4440-ADE2-FDD3DE20E877}.Debug|Any CPU.ActiveCfg = Debug|Any CPU
		{7AA90AEB-5931-4440-ADE2-FDD3DE20E877}.Debug|Any CPU.Build.0 = Debug|Any CPU
		{7AA90AEB-5931-4440-ADE2-FDD3DE20E877}.Release|Any CPU.ActiveCfg = Release|Any CPU
		{7AA90AEB-5931-4440-ADE2-FDD3DE20E877}.Release|Any CPU.Build.0 = Release|Any CPU
		{3DEAD938-91F1-4D8C-8254-A07FCAF6728C}.Debug|Any CPU.ActiveCfg = Debug|Any CPU
		{3DEAD938-91F1-4D8C-8254-A07FCAF6728C}.Debug|Any CPU.Build.0 = Debug|Any CPU
		{3DEAD938-91F1-4D8C-8254-A07FCAF6728C}.Release|Any CPU.ActiveCfg = Release|Any CPU
		{3DEAD938-91F1-4D8C-8254-A07FCAF6728C}.Release|Any CPU.Build.0 = Release|Any CPU
		{F30B314D-18C6-40EE-918B-14EEAD5A49E0}.Debug|Any CPU.ActiveCfg = Debug|Any CPU
		{F30B314D-18C6-40EE-918B-14EEAD5A49E0}.Debug|Any CPU.Build.0 = Debug|Any CPU
		{F30B314D-18C6-40EE-918B-14EEAD5A49E0}.Release|Any CPU.ActiveCfg = Release|Any CPU
		{F30B314D-18C6-40EE-918B-14EEAD5A49E0}.Release|Any CPU.Build.0 = Release|Any CPU
		{C6BE1273-F6CB-455D-9C69-C7AED172DEE5}.Debug|Any CPU.ActiveCfg = Debug|Any CPU
		{C6BE1273-F6CB-455D-9C69-C7AED172DEE5}.Debug|Any CPU.Build.0 = Debug|Any CPU
		{C6BE1273-F6CB-455D-9C69-C7AED172DEE5}.Release|Any CPU.ActiveCfg = Release|Any CPU
		{C6BE1273-F6CB-455D-9C69-C7AED172DEE5}.Release|Any CPU.Build.0 = Release|Any CPU
		{1A1E0352-7573-4415-A285-ED903ADBE3C5}.Debug|Any CPU.ActiveCfg = Debug|Any CPU
		{1A1E0352-7573-4415-A285-ED903ADBE3C5}.Debug|Any CPU.Build.0 = Debug|Any CPU
		{1A1E0352-7573-4415-A285-ED903ADBE3C5}.Release|Any CPU.ActiveCfg = Release|Any CPU
		{1A1E0352-7573-4415-A285-ED903ADBE3C5}.Release|Any CPU.Build.0 = Release|Any CPU
	EndGlobalSection
EndGlobal
